
Microsoft Visual Studio Solution File, Format Version 12.00
# Visual Studio 15
VisualStudioVersion = 15.0.27428.2037
MinimumVisualStudioVersion = 10.0.40219.1
Project("{FAE04EC0-301F-11D3-BF4B-00C04F79EFBC}") = "jervis-test-project", "jervis-test-project\jervis-test-project.csproj", "{3814AD52-91C7-4C1A-B223-4EFAB3587857}"
EndProject
Project("{FAE04EC0-301F-11D3-BF4B-00C04F79EFBC}") = "jervis-test-project.Tests", "jervis-test-project.Tests\jervis-test-project.Tests.csproj", "{F7962FB7-456E-48D4-ACC7-F75C79A4EB0A}"
EndProject
Global
	GlobalSection(SolutionConfigurationPlatforms) = preSolution
		Debug|Any CPU = Debug|Any CPU
		Release|Any CPU = Release|Any CPU
	EndGlobalSection
	GlobalSection(ProjectConfigurationPlatforms) = postSolution
		{3814AD52-91C7-4C1A-B223-4EFAB3587857}.Debug|Any CPU.ActiveCfg = Debug|Any CPU
		{3814AD52-91C7-4C1A-B223-4EFAB3587857}.Debug|Any CPU.Build.0 = Debug|Any CPU
		{3814AD52-91C7-4C1A-B223-4EFAB3587857}.Release|Any CPU.ActiveCfg = Release|Any CPU
		{3814AD52-91C7-4C1A-B223-4EFAB3587857}.Release|Any CPU.Build.0 = Release|Any CPU
		{F7962FB7-456E-48D4-ACC7-F75C79A4EB0A}.Debug|Any CPU.ActiveCfg = Debug|Any CPU
		{F7962FB7-456E-48D4-ACC7-F75C79A4EB0A}.Debug|Any CPU.Build.0 = Debug|Any CPU
		{F7962FB7-456E-48D4-ACC7-F75C79A4EB0A}.Release|Any CPU.ActiveCfg = Release|Any CPU
		{F7962FB7-456E-48D4-ACC7-F75C79A4EB0A}.Release|Any CPU.Build.0 = Release|Any CPU
	EndGlobalSection
	GlobalSection(SolutionProperties) = preSolution
		HideSolutionNode = FALSE
	EndGlobalSection
	GlobalSection(ExtensibilityGlobals) = postSolution
		SolutionGuid = {727EC9E7-9CCB-4B0C-BD3A-E5B9BBEEC6A6}
	EndGlobalSection
EndGlobal
